// !$*UTF8*$!
{
	archiveVersion = 1;
	classes = {
	};
	objectVersion = 48;
	objects = {

/* Begin PBXBuildFile section */
		8D8616371FDD87120099DB78 /* AppDelegate.swift in Sources */ = {isa = PBXBuildFile; fileRef = 8D8616361FDD87120099DB78 /* AppDelegate.swift */; };
		8D8616391FDD87120099DB78 /* ViewController.swift in Sources */ = {isa = PBXBuildFile; fileRef = 8D8616381FDD87120099DB78 /* ViewController.swift */; };
		8D86163C1FDD87120099DB78 /* Main.storyboard in Resources */ = {isa = PBXBuildFile; fileRef = 8D86163A1FDD87120099DB78 /* Main.storyboard */; };
		8D86163E1FDD87120099DB78 /* Assets.xcassets in Resources */ = {isa = PBXBuildFile; fileRef = 8D86163D1FDD87120099DB78 /* Assets.xcassets */; };
		8D8616411FDD87120099DB78 /* LaunchScreen.storyboard in Resources */ = {isa = PBXBuildFile; fileRef = 8D86163F1FDD87120099DB78 /* LaunchScreen.storyboard */; };
		8D8616491FDD90D80099DB78 /* PinchViewController.swift in Sources */ = {isa = PBXBuildFile; fileRef = 8D8616481FDD90D80099DB78 /* PinchViewController.swift */; };
		8D86164B1FDD90EE0099DB78 /* PanViewController.swift in Sources */ = {isa = PBXBuildFile; fileRef = 8D86164A1FDD90EE0099DB78 /* PanViewController.swift */; };
		8D86164D1FDD91030099DB78 /* SwipeViewController.swift in Sources */ = {isa = PBXBuildFile; fileRef = 8D86164C1FDD91030099DB78 /* SwipeViewController.swift */; };
		8D86164F1FDD911A0099DB78 /* TapViewController.swift in Sources */ = {isa = PBXBuildFile; fileRef = 8D86164E1FDD911A0099DB78 /* TapViewController.swift */; };
/* End PBXBuildFile section */

/* Begin PBXFileReference section */
		8D8616331FDD87110099DB78 /* GestureTest.app */ = {isa = PBXFileReference; explicitFileType = wrapper.application; includeInIndex = 0; path = GestureTest.app; sourceTree = BUILT_PRODUCTS_DIR; };
		8D8616361FDD87120099DB78 /* AppDelegate.swift */ = {isa = PBXFileReference; lastKnownFileType = sourcecode.swift; path = AppDelegate.swift; sourceTree = "<group>"; };
		8D8616381FDD87120099DB78 /* ViewController.swift */ = {isa = PBXFileReference; lastKnownFileType = sourcecode.swift; path = ViewController.swift; sourceTree = "<group>"; };
		8D86163B1FDD87120099DB78 /* Base */ = {isa = PBXFileReference; lastKnownFileType = file.storyboard; name = Base; path = Base.lproj/Main.storyboard; sourceTree = "<group>"; };
		8D86163D1FDD87120099DB78 /* Assets.xcassets */ = {isa = PBXFileReference; lastKnownFileType = folder.assetcatalog; path = Assets.xcassets; sourceTree = "<group>"; };
		8D8616401FDD87120099DB78 /* Base */ = {isa = PBXFileReference; lastKnownFileType = file.storyboard; name = Base; path = Base.lproj/LaunchScreen.storyboard; sourceTree = "<group>"; };
		8D8616421FDD87120099DB78 /* Info.plist */ = {isa = PBXFileReference; lastKnownFileType = text.plist.xml; path = Info.plist; sourceTree = "<group>"; };
		8D8616481FDD90D80099DB78 /* PinchViewController.swift */ = {isa = PBXFileReference; lastKnownFileType = sourcecode.swift; path = PinchViewController.swift; sourceTree = "<group>"; };
		8D86164A1FDD90EE0099DB78 /* PanViewController.swift */ = {isa = PBXFileReference; lastKnownFileType = sourcecode.swift; path = PanViewController.swift; sourceTree = "<group>"; };
		8D86164C1FDD91030099DB78 /* SwipeViewController.swift */ = {isa = PBXFileReference; lastKnownFileType = sourcecode.swift; path = SwipeViewController.swift; sourceTree = "<group>"; };
		8D86164E1FDD911A0099DB78 /* TapViewController.swift */ = {isa = PBXFileReference; lastKnownFileType = sourcecode.swift; path = TapViewController.swift; sourceTree = "<group>"; };
/* End PBXFileReference section */

/* Begin PBXFrameworksBuildPhase section */
		8D8616301FDD87110099DB78 /* Frameworks */ = {
			isa = PBXFrameworksBuildPhase;
			buildActionMask = 2147483647;
			files = (
			);
			runOnlyForDeploymentPostprocessing = 0;
		};
/* End PBXFrameworksBuildPhase section */

/* Begin PBXGroup section */
		8D86162A1FDD87110099DB78 = {
			isa = PBXGroup;
			children = (
				8D8616351FDD87110099DB78 /* GestureTest */,
				8D8616341FDD87110099DB78 /* Products */,
			);
			sourceTree = "<group>";
		};
		8D8616341FDD87110099DB78 /* Products */ = {
			isa = PBXGroup;
			children = (
				8D8616331FDD87110099DB78 /* GestureTest.app */,
			);
			name = Products;
			sourceTree = "<group>";
		};
		8D8616351FDD87110099DB78 /* GestureTest */ = {
			isa = PBXGroup;
			children = (
				8D8616361FDD87120099DB78 /* AppDelegate.swift */,
				8D8616381FDD87120099DB78 /* ViewController.swift */,
				8D8616481FDD90D80099DB78 /* PinchViewController.swift */,
				8D86164A1FDD90EE0099DB78 /* PanViewController.swift */,
				8D86164C1FDD91030099DB78 /* SwipeViewController.swift */,
				8D86164E1FDD911A0099DB78 /* TapViewController.swift */,
				8D86163A1FDD87120099DB78 /* Main.storyboard */,
				8D86163D1FDD87120099DB78 /* Assets.xcassets */,
				8D86163F1FDD87120099DB78 /* LaunchScreen.storyboard */,
				8D8616421FDD87120099DB78 /* Info.plist */,
			);
			path = GestureTest;
			sourceTree = "<group>";
		};
/* End PBXGroup section */

/* Begin PBXNativeTarget section */
		8D8616321FDD87110099DB78 /* GestureTest */ = {
			isa = PBXNativeTarget;
			buildConfigurationList = 8D8616451FDD87120099DB78 /* Build configuration list for PBXNativeTarget "GestureTest" */;
			buildPhases = (
				8D86162F1FDD87110099DB78 /* Sources */,
				8D8616301FDD87110099DB78 /* Frameworks */,
				8D8616311FDD87110099DB78 /* Resources */,
			);
			buildRules = (
			);
			dependencies = (
			);
			name = GestureTest;
			productName = GestureTest;
			productReference = 8D8616331FDD87110099DB78 /* GestureTest.app */;
			productType = "com.apple.product-type.application";
		};
/* End PBXNativeTarget section */

/* Begin PBXProject section */
		8D86162B1FDD87110099DB78 /* Project object */ = {
			isa = PBXProject;
			attributes = {
				LastSwiftUpdateCheck = 0920;
				LastUpgradeCheck = 0920;
				ORGANIZATIONNAME = "FRANZETTI-LAPTOP";
				TargetAttributes = {
					8D8616321FDD87110099DB78 = {
						CreatedOnToolsVersion = 9.2;
						ProvisioningStyle = Automatic;
					};
				};
			};
			buildConfigurationList = 8D86162E1FDD87110099DB78 /* Build configuration list for PBXProject "GestureTest" */;
			compatibilityVersion = "Xcode 8.0";
			developmentRegion = en;
			hasScannedForEncodings = 0;
			knownRegions = (
				en,
				Base,
			);
			mainGroup = 8D86162A1FDD87110099DB78;
			productRefGroup = 8D8616341FDD87110099DB78 /* Products */;
			projectDirPath = "";
			projectRoot = "";
			targets = (
				8D8616321FDD87110099DB78 /* GestureTest */,
			);
		};
/* End PBXProject section */

/* Begin PBXResourcesBuildPhase section */
		8D8616311FDD87110099DB78 /* Resources */ = {
			isa = PBXResourcesBuildPhase;
			buildActionMask = 2147483647;
			files = (
				8D8616411FDD87120099DB78 /* LaunchScreen.storyboard in Resources */,
				8D86163E1FDD87120099DB78 /* Assets.xcassets in Resources */,
				8D86163C1FDD87120099DB78 /* Main.storyboard in Resources */,
			);
			runOnlyForDeploymentPostprocessing = 0;
		};
/* End PBXResourcesBuildPhase section */

/* Begin PBXSourcesBuildPhase section */
		8D86162F1FDD87110099DB78 /* Sources */ = {
			isa = PBXSourcesBuildPhase;
			buildActionMask = 2147483647;
			files = (
				8D86164D1FDD91030099DB78 /* SwipeViewController.swift in Sources */,
				8D86164B1FDD90EE0099DB78 /* PanViewController.swift in Sources */,
				8D86164F1FDD911A0099DB78 /* TapViewController.swift in Sources */,
				8D8616391FDD87120099DB78 /* ViewController.swift in Sources */,
				8D8616371FDD87120099DB78 /* AppDelegate.swift in Sources */,
				8D8616491FDD90D80099DB78 /* PinchViewController.swift in Sources */,
			);
			runOnlyForDeploymentPostprocessing = 0;
		};
/* End PBXSourcesBuildPhase section */

/* Begin PBXVariantGroup section */
		8D86163A1FDD87120099DB78 /* Main.storyboard */ = {
			isa = PBXVariantGroup;
			children = (
				8D86163B1FDD87120099DB78 /* Base */,
			);
			name = Main.storyboard;
			sourceTree = "<group>";
		};
		8D86163F1FDD87120099DB78 /* LaunchScreen.storyboard */ = {
			isa = PBXVariantGroup;
			children = (
				8D8616401FDD87120099DB78 /* Base */,
			);
			name = LaunchScreen.storyboard;
			sourceTree = "<group>";
		};
/* End PBXVariantGroup section */

/* Begin XCBuildConfiguration section */
		8D8616431FDD87120099DB78 /* Debug */ = {
			isa = XCBuildConfiguration;
			buildSettings = {
				ALWAYS_SEARCH_USER_PATHS = NO;
				CLANG_ANALYZER_NONNULL = YES;
				CLANG_ANALYZER_NUMBER_OBJECT_CONVERSION = YES_AGGRESSIVE;
				CLANG_CXX_LANGUAGE_STANDARD = "gnu++14";
				CLANG_CXX_LIBRARY = "libc++";
				CLANG_ENABLE_MODULES = YES;
				CLANG_ENABLE_OBJC_ARC = YES;
				CLANG_WARN_BLOCK_CAPTURE_AUTORELEASING = YES;
				CLANG_WARN_BOOL_CONVERSION = YES;
				CLANG_WARN_COMMA = YES;
				CLANG_WARN_CONSTANT_CONVERSION = YES;
				CLANG_WARN_DIRECT_OBJC_ISA_USAGE = YES_ERROR;
				CLANG_WARN_DOCUMENTATION_COMMENTS = YES;
				CLANG_WARN_EMPTY_BODY = YES;
				CLANG_WARN_ENUM_CONVERSION = YES;
				CLANG_WARN_INFINITE_RECURSION = YES;
				CLANG_WARN_INT_CONVERSION = YES;
				CLANG_WARN_NON_LITERAL_NULL_CONVERSION = YES;
				CLANG_WARN_OBJC_LITERAL_CONVERSION = YES;
				CLANG_WARN_OBJC_ROOT_CLASS = YES_ERROR;
				CLANG_WARN_RANGE_LOOP_ANALYSIS = YES;
				CLANG_WARN_STRICT_PROTOTYPES = YES;
				CLANG_WARN_SUSPICIOUS_MOVE = YES;
				CLANG_WARN_UNGUARDED_AVAILABILITY = YES_AGGRESSIVE;
				CLANG_WARN_UNREACHABLE_CODE = YES;
				CLANG_WARN__DUPLICATE_METHOD_MATCH = YES;
				CODE_SIGN_IDENTITY = "iPhone Developer";
				COPY_PHASE_STRIP = NO;
				DEBUG_INFORMATION_FORMAT = dwarf;
				ENABLE_STRICT_OBJC_MSGSEND = YES;
				ENABLE_TESTABILITY = YES;
				GCC_C_LANGUAGE_STANDARD = gnu11;
				GCC_DYNAMIC_NO_PIC = NO;
				GCC_NO_COMMON_BLOCKS = YES;
				GCC_OPTIMIZATION_LEVEL = 0;
				GCC_PREPROCESSOR_DEFINITIONS = (
					"DEBUG=1",
					"$(inherited)",
				);
				GCC_WARN_64_TO_32_BIT_CONVERSION = YES;
				GCC_WARN_ABOUT_RETURN_TYPE = YES_ERROR;
				GCC_WARN_UNDECLARED_SELECTOR = YES;
				GCC_WARN_UNINITIALIZED_AUTOS = YES_AGGRESSIVE;
				GCC_WARN_UNUSED_FUNCTION = YES;
				GCC_WARN_UNUSED_VARIABLE = YES;
				IPHONEOS_DEPLOYMENT_TARGET = 11.2;
				MTL_ENABLE_DEBUG_INFO = YES;
				ONLY_ACTIVE_ARCH = YES;
				SDKROOT = iphoneos;
				SWIFT_ACTIVE_COMPILATION_CONDITIONS = DEBUG;
				SWIFT_OPTIMIZATION_LEVEL = "-Onone";
			};
			name = Debug;
		};
		8D8616441FDD87120099DB78 /* Release */ = {
			isa = XCBuildConfiguration;
			buildSettings = {
				ALWAYS_SEARCH_USER_PATHS = NO;
				CLANG_ANALYZER_NONNULL = YES;
				CLANG_ANALYZER_NUMBER_OBJECT_CONVERSION = YES_AGGRESSIVE;
				CLANG_CXX_LANGUAGE_STANDARD = "gnu++14";
				CLANG_CXX_LIBRARY = "libc++";
				CLANG_ENABLE_MODULES = YES;
				CLANG_ENABLE_OBJC_ARC = YES;
				CLANG_WARN_BLOCK_CAPTURE_AUTORELEASING = YES;
				CLANG_WARN_BOOL_CONVERSION = YES;
				CLANG_WARN_COMMA = YES;
				CLANG_WARN_CONSTANT_CONVERSION = YES;
				CLANG_WARN_DIRECT_OBJC_ISA_USAGE = YES_ERROR;
				CLANG_WARN_DOCUMENTATION_COMMENTS = YES;
				CLANG_WARN_EMPTY_BODY = YES;
				CLANG_WARN_ENUM_CONVERSION = YES;
				CLANG_WARN_INFINITE_RECURSION = YES;
				CLANG_WARN_INT_CONVERSION = YES;
				CLANG_WARN_NON_LITERAL_NULL_CONVERSION = YES;
				CLANG_WARN_OBJC_LITERAL_CONVERSION = YES;
				CLANG_WARN_OBJC_ROOT_CLASS = YES_ERROR;
				CLANG_WARN_RANGE_LOOP_ANALYSIS = YES;
				CLANG_WARN_STRICT_PROTOTYPES = YES;
				CLANG_WARN_SUSPICIOUS_MOVE = YES;
				CLANG_WARN_UNGUARDED_AVAILABILITY = YES_AGGRESSIVE;
				CLANG_WARN_UNREACHABLE_CODE = YES;
				CLANG_WARN__DUPLICATE_METHOD_MATCH = YES;
				CODE_SIGN_IDENTITY = "iPhone Developer";
				COPY_PHASE_STRIP = NO;
				DEBUG_INFORMATION_FORMAT = "dwarf-with-dsym";
				ENABLE_NS_ASSERTIONS = NO;
				ENABLE_STRICT_OBJC_MSGSEND = YES;
				GCC_C_LANGUAGE_STANDARD = gnu11;
				GCC_NO_COMMON_BLOCKS = YES;
				GCC_WARN_64_TO_32_BIT_CONVERSION = YES;
				GCC_WARN_ABOUT_RETURN_TYPE = YES_ERROR;
				GCC_WARN_UNDECLARED_SELECTOR = YES;
				GCC_WARN_UNINITIALIZED_AUTOS = YES_AGGRESSIVE;
				GCC_WARN_UNUSED_FUNCTION = YES;
				GCC_WARN_UNUSED_VARIABLE = YES;
				IPHONEOS_DEPLOYMENT_TARGET = 11.2;
				MTL_ENABLE_DEBUG_INFO = NO;
				SDKROOT = iphoneos;
				SWIFT_OPTIMIZATION_LEVEL = "-Owholemodule";
				VALIDATE_PRODUCT = YES;
			};
			name = Release;
		};
		8D8616461FDD87120099DB78 /* Debug */ = {
			isa = XCBuildConfiguration;
			buildSettings = {
				ASSETCATALOG_COMPILER_APPICON_NAME = AppIcon;
				CODE_SIGN_STYLE = Automatic;
				DEVELOPMENT_TEAM = 34CFA7D25X;
				INFOPLIST_FILE = GestureTest/Info.plist;
				LD_RUNPATH_SEARCH_PATHS = "$(inherited) @executable_path/Frameworks";
				PRODUCT_BUNDLE_IDENTIFIER = com.franzetti.achille.GestureTest;
				PRODUCT_NAME = "$(TARGET_NAME)";
				SWIFT_VERSION = 4.0;
				TARGETED_DEVICE_FAMILY = "1,2";
			};
			name = Debug;
		};
		8D8616471FDD87120099DB78 /* Release */ = {
			isa = XCBuildConfiguration;
			buildSettings = {
				ASSETCATALOG_COMPILER_APPICON_NAME = AppIcon;
				CODE_SIGN_STYLE = Automatic;
				DEVELOPMENT_TEAM = 34CFA7D25X;
				INFOPLIST_FILE = GestureTest/Info.plist;
				LD_RUNPATH_SEARCH_PATHS = "$(inherited) @executable_path/Frameworks";
				PRODUCT_BUNDLE_IDENTIFIER = com.franzetti.achille.GestureTest;
				PRODUCT_NAME = "$(TARGET_NAME)";
				SWIFT_VERSION = 4.0;
				TARGETED_DEVICE_FAMILY = "1,2";
			};
			name = Release;
		};
/* End XCBuildConfiguration section */

/* Begin XCConfigurationList section */
		8D86162E1FDD87110099DB78 /* Build configuration list for PBXProject "GestureTest" */ = {
			isa = XCConfigurationList;
			buildConfigurations = (
				8D8616431FDD87120099DB78 /* Debug */,
				8D8616441FDD87120099DB78 /* Release */,
			);
			defaultConfigurationIsVisible = 0;
			defaultConfigurationName = Release;
		};
		8D8616451FDD87120099DB78 /* Build configuration list for PBXNativeTarget "GestureTest" */ = {
			isa = XCConfigurationList;
			buildConfigurations = (
				8D8616461FDD87120099DB78 /* Debug */,
				8D8616471FDD87120099DB78 /* Release */,
			);
			defaultConfigurationIsVisible = 0;
			defaultConfigurationName = Release;
		};
/* End XCConfigurationList section */
	};
	rootObject = 8D86162B1FDD87110099DB78 /* Project object */;
}
